
Microsoft Visual Studio Solution File, Format Version 12.00
# Visual Studio Version 16
VisualStudioVersion = 16.0.29709.97
MinimumVisualStudioVersion = 10.0.40219.1
Project("{9A19103F-16F7-4668-BE54-9A1E7A4F7556}") = "Warthog.Api", "Warthog.Api\Warthog.Api.csproj", "{81CBBE8F-EE94-4567-809A-41358DAEFDB9}"
EndProject
Project("{FAE04EC0-301F-11D3-BF4B-00C04F79EFBC}") = "Warthog.Api.Tests", "Warthog.Api.Tests\Warthog.Api.Tests.csproj", "{9EA3BE12-F0F1-4B04-B56D-7CB47C85DA37}"
EndProject
Global
	GlobalSection(SolutionConfigurationPlatforms) = preSolution
		Debug|Any CPU = Debug|Any CPU
		Release|Any CPU = Release|Any CPU
	EndGlobalSection
	GlobalSection(ProjectConfigurationPlatforms) = postSolution
		{81CBBE8F-EE94-4567-809A-41358DAEFDB9}.Debug|Any CPU.ActiveCfg = Debug|Any CPU
		{81CBBE8F-EE94-4567-809A-41358DAEFDB9}.Debug|Any CPU.Build.0 = Debug|Any CPU
		{81CBBE8F-EE94-4567-809A-41358DAEFDB9}.Release|Any CPU.ActiveCfg = Release|Any CPU
		{81CBBE8F-EE94-4567-809A-41358DAEFDB9}.Release|Any CPU.Build.0 = Release|Any CPU
		{9EA3BE12-F0F1-4B04-B56D-7CB47C85DA37}.Debug|Any CPU.ActiveCfg = Debug|Any CPU
		{9EA3BE12-F0F1-4B04-B56D-7CB47C85DA37}.Debug|Any CPU.Build.0 = Debug|Any CPU
		{9EA3BE12-F0F1-4B04-B56D-7CB47C85DA37}.Release|Any CPU.ActiveCfg = Release|Any CPU
		{9EA3BE12-F0F1-4B04-B56D-7CB47C85DA37}.Release|Any CPU.Build.0 = Release|Any CPU
	EndGlobalSection
	GlobalSection(SolutionProperties) = preSolution
		HideSolutionNode = FALSE
	EndGlobalSection
	GlobalSection(ExtensibilityGlobals) = postSolution
		SolutionGuid = {C2FED2CD-BA53-4528-B465-D547C22BDD12}
	EndGlobalSection
EndGlobal
